
Microsoft Visual Studio Solution File, Format Version 12.00
# Visual Studio Version 17
VisualStudioVersion = 17.10.35027.167
MinimumVisualStudioVersion = 10.0.40219.1
Project("{FAE04EC0-301F-11D3-BF4B-00C04F79EFBC}") = "loofandcheck", "loofandcheck.csproj", "{786B9923-E6FF-4121-B618-E1808CACBC20}"
EndProject
Global
	GlobalSection(SolutionConfigurationPlatforms) = preSolution
		Debug|Any CPU = Debug|Any CPU
		Release|Any CPU = Release|Any CPU
	EndGlobalSection
	GlobalSection(ProjectConfigurationPlatforms) = postSolution
		{786B9923-E6FF-4121-B618-E1808CACBC20}.Debug|Any CPU.ActiveCfg = Debug|Any CPU
		{786B9923-E6FF-4121-B618-E1808CACBC20}.Debug|Any CPU.Build.0 = Debug|Any CPU
		{786B9923-E6FF-4121-B618-E1808CACBC20}.Release|Any CPU.ActiveCfg = Release|Any CPU
		{786B9923-E6FF-4121-B618-E1808CACBC20}.Release|Any CPU.Build.0 = Release|Any CPU
	EndGlobalSection
	GlobalSection(SolutionProperties) = preSolution
		HideSolutionNode = FALSE
	EndGlobalSection
	GlobalSection(ExtensibilityGlobals) = postSolution
		SolutionGuid = {70A7507E-37D8-4E19-863C-6FEF155457D7}
	EndGlobalSection
EndGlobal
